
Microsoft Visual Studio Solution File, Format Version 12.00
# Visual Studio 15
VisualStudioVersion = 15.0.28010.2016
MinimumVisualStudioVersion = 10.0.40219.1
Project("{FAE04EC0-301F-11D3-BF4B-00C04F79EFBC}") = "trans", "trans\trans.csproj", "{38E816FB-DD60-4287-97C4-D53F75B28F44}"
EndProject
Global
	GlobalSection(SolutionConfigurationPlatforms) = preSolution
		Debug|Any CPU = Debug|Any CPU
		Release|Any CPU = Release|Any CPU
	EndGlobalSection
	GlobalSection(ProjectConfigurationPlatforms) = postSolution
		{38E816FB-DD60-4287-97C4-D53F75B28F44}.Debug|Any CPU.ActiveCfg = Debug|Any CPU
		{38E816FB-DD60-4287-97C4-D53F75B28F44}.Debug|Any CPU.Build.0 = Debug|Any CPU
		{38E816FB-DD60-4287-97C4-D53F75B28F44}.Release|Any CPU.ActiveCfg = Release|Any CPU
		{38E816FB-DD60-4287-97C4-D53F75B28F44}.Release|Any CPU.Build.0 = Release|Any CPU
	EndGlobalSection
	GlobalSection(SolutionProperties) = preSolution
		HideSolutionNode = FALSE
	EndGlobalSection
	GlobalSection(ExtensibilityGlobals) = postSolution
		SolutionGuid = {F5407D82-7281-46D0-B960-3C850F2DF5FB}
	EndGlobalSection
EndGlobal
